// !$*UTF8*$!
{
	archiveVersion = 1;
	classes = {
	};
	objectVersion = 46;
	objects = {

/* Begin PBXBuildFile section */
		7D0378651E85ED0F005A1F95 /* VCTabBarView.swift in Sources */ = {isa = PBXBuildFile; fileRef = 7D0378641E85ED0F005A1F95 /* VCTabBarView.swift */; };
		7D0378671E8753A4005A1F95 /* VCLayerBackedView.swift in Sources */ = {isa = PBXBuildFile; fileRef = 7D0378661E8753A4005A1F95 /* VCLayerBackedView.swift */; };
		7D0378691E87928D005A1F95 /* VCTableHeaderView.swift in Sources */ = {isa = PBXBuildFile; fileRef = 7D0378681E87928D005A1F95 /* VCTableHeaderView.swift */; };
		7D03786B1E87A279005A1F95 /* VCPathControl.swift in Sources */ = {isa = PBXBuildFile; fileRef = 7D03786A1E87A279005A1F95 /* VCPathControl.swift */; };
		7D131BAD1B5B9575007BDBB6 /* VerticallyCenteredTextField.swift in Sources */ = {isa = PBXBuildFile; fileRef = 7D131BAC1B5B9575007BDBB6 /* VerticallyCenteredTextField.swift */; };
		7D48A0051B209A400043933D /* CommanderPanel.swift in Sources */ = {isa = PBXBuildFile; fileRef = 7D48A0031B209A400043933D /* CommanderPanel.swift */; };
		7D48A0061B209A400043933D /* CommanderPanel.xib in Resources */ = {isa = PBXBuildFile; fileRef = 7D48A0041B209A400043933D /* CommanderPanel.xib */; };
		7D4F2E311DE1AFC1004D16DC /* Cartfile in Resources */ = {isa = PBXBuildFile; fileRef = 7D4F2E301DE1AFC1004D16DC /* Cartfile */; };
		7D5252E71BA3D66A006243F1 /* QuartzCore.framework in Frameworks */ = {isa = PBXBuildFile; fileRef = 7D5252E61BA3D66A006243F1 /* QuartzCore.framework */; };
		7D552D4B1B1DE5A400031203 /* TabBarModel.swift in Sources */ = {isa = PBXBuildFile; fileRef = 7D552D4A1B1DE5A400031203 /* TabBarModel.swift */; };
		7D552D4F1B1DFE4100031203 /* MMTabBarView.framework in Frameworks */ = {isa = PBXBuildFile; fileRef = 7D552D4E1B1DFE4100031203 /* MMTabBarView.framework */; };
		7D552D501B1DFE5E00031203 /* MMTabBarView.framework in CopyFiles */ = {isa = PBXBuildFile; fileRef = 7D552D4E1B1DFE4100031203 /* MMTabBarView.framework */; settings = {ATTRIBUTES = (CodeSignOnCopy, RemoveHeadersOnCopy, ); }; };
		7D552D531B1E09FC00031203 /* TabItemController.swift in Sources */ = {isa = PBXBuildFile; fileRef = 7D552D511B1E09FC00031203 /* TabItemController.swift */; };
		7D552D541B1E09FC00031203 /* TabItemController.xib in Resources */ = {isa = PBXBuildFile; fileRef = 7D552D521B1E09FC00031203 /* TabItemController.xib */; };
		7D7B0F391E639DFB0052DB63 /* String+transformToPinyin.swift in Sources */ = {isa = PBXBuildFile; fileRef = 7D7B0F381E639DFB0052DB63 /* String+transformToPinyin.swift */; };
		7D8455631BEF8B7D009999F0 /* PreferenceManager.swift in Sources */ = {isa = PBXBuildFile; fileRef = 7D8455621BEF8B7D009999F0 /* PreferenceManager.swift */; };
		7D9422441B024441008429D5 /* AppDelegate.swift in Sources */ = {isa = PBXBuildFile; fileRef = 7D9422431B024441008429D5 /* AppDelegate.swift */; };
		7D9422461B024441008429D5 /* Images.xcassets in Resources */ = {isa = PBXBuildFile; fileRef = 7D9422451B024441008429D5 /* Images.xcassets */; };
		7D9422491B024442008429D5 /* MainMenu.xib in Resources */ = {isa = PBXBuildFile; fileRef = 7D9422471B024442008429D5 /* MainMenu.xib */; };
		7D9422551B024442008429D5 /* SimpleCommanderTests.swift in Sources */ = {isa = PBXBuildFile; fileRef = 7D9422541B024442008429D5 /* SimpleCommanderTests.swift */; };
		7D9422601B024480008429D5 /* MainWindowController.swift in Sources */ = {isa = PBXBuildFile; fileRef = 7D94225E1B024480008429D5 /* MainWindowController.swift */; };
		7D9422611B024480008429D5 /* MainWindowController.xib in Resources */ = {isa = PBXBuildFile; fileRef = 7D94225F1B024480008429D5 /* MainWindowController.xib */; };
		7DA874291B22E5C10004185C /* FlippedView.swift in Sources */ = {isa = PBXBuildFile; fileRef = 7DA874281B22E5C10004185C /* FlippedView.swift */; };
		7DA9FA781B0644A90092C971 /* FileSystemItem.swift in Sources */ = {isa = PBXBuildFile; fileRef = 7DA9FA771B0644A90092C971 /* FileSystemItem.swift */; };
		7DC2AC4F1B48E614006BA33A /* DirectoryMonitor.swift in Sources */ = {isa = PBXBuildFile; fileRef = 7DC2AC4E1B48E614006BA33A /* DirectoryMonitor.swift */; };
		7DC2AC511B4935CE006BA33A /* SCTableRowView.swift in Sources */ = {isa = PBXBuildFile; fileRef = 7DC2AC501B4935CE006BA33A /* SCTableRowView.swift */; };
		7DD323731B2D5247006EF722 /* SCTableView.swift in Sources */ = {isa = PBXBuildFile; fileRef = 7DD323721B2D5247006EF722 /* SCTableView.swift */; };
		7DD4CDBA1E5E5985001A6560 /* NSViewWithRectInset.swift in Sources */ = {isa = PBXBuildFile; fileRef = 7DD4CDB91E5E5985001A6560 /* NSViewWithRectInset.swift */; };
		7DDBFF0F1BF0E983006B906D /* SCPreferenceController.swift in Sources */ = {isa = PBXBuildFile; fileRef = 7DDBFF0D1BF0E983006B906D /* SCPreferenceController.swift */; };
		7DDBFF101BF0E983006B906D /* SCPreferenceController.xib in Resources */ = {isa = PBXBuildFile; fileRef = 7DDBFF0E1BF0E983006B906D /* SCPreferenceController.xib */; };
/* End PBXBuildFile section */

/* Begin PBXContainerItemProxy section */
		7D94224F1B024442008429D5 /* PBXContainerItemProxy */ = {
			isa = PBXContainerItemProxy;
			containerPortal = 7D9422361B024441008429D5 /* Project object */;
			proxyType = 1;
			remoteGlobalIDString = 7D94223D1B024441008429D5;
			remoteInfo = SimpleCommander;
		};
/* End PBXContainerItemProxy section */

/* Begin PBXCopyFilesBuildPhase section */
		7D80D28C1B1CAAEE00600F29 /* CopyFiles */ = {
			isa = PBXCopyFilesBuildPhase;
			buildActionMask = 2147483647;
			dstPath = "";
			dstSubfolderSpec = 10;
			files = (
				7D552D501B1DFE5E00031203 /* MMTabBarView.framework in CopyFiles */,
			);
			runOnlyForDeploymentPostprocessing = 0;
		};
/* End PBXCopyFilesBuildPhase section */

/* Begin PBXFileReference section */
		7D0378641E85ED0F005A1F95 /* VCTabBarView.swift */ = {isa = PBXFileReference; fileEncoding = 4; lastKnownFileType = sourcecode.swift; path = VCTabBarView.swift; sourceTree = "<group>"; };
		7D0378661E8753A4005A1F95 /* VCLayerBackedView.swift */ = {isa = PBXFileReference; fileEncoding = 4; lastKnownFileType = sourcecode.swift; path = VCLayerBackedView.swift; sourceTree = "<group>"; };
		7D0378681E87928D005A1F95 /* VCTableHeaderView.swift */ = {isa = PBXFileReference; fileEncoding = 4; lastKnownFileType = sourcecode.swift; path = VCTableHeaderView.swift; sourceTree = "<group>"; };
		7D03786A1E87A279005A1F95 /* VCPathControl.swift */ = {isa = PBXFileReference; fileEncoding = 4; lastKnownFileType = sourcecode.swift; path = VCPathControl.swift; sourceTree = "<group>"; };
		7D131BAC1B5B9575007BDBB6 /* VerticallyCenteredTextField.swift */ = {isa = PBXFileReference; fileEncoding = 4; lastKnownFileType = sourcecode.swift; path = VerticallyCenteredTextField.swift; sourceTree = "<group>"; };
		7D42EF5B1BBE3515003383C0 /* QuickLook.framework */ = {isa = PBXFileReference; lastKnownFileType = wrapper.framework; name = QuickLook.framework; path = System/Library/Frameworks/QuickLook.framework; sourceTree = SDKROOT; };
		7D43B06D1B1CB53900E60257 /* vCommander-Bridging-Header.h */ = {isa = PBXFileReference; lastKnownFileType = sourcecode.c.h; path = "vCommander-Bridging-Header.h"; sourceTree = "<group>"; };
		7D48A0031B209A400043933D /* CommanderPanel.swift */ = {isa = PBXFileReference; fileEncoding = 4; lastKnownFileType = sourcecode.swift; path = CommanderPanel.swift; sourceTree = "<group>"; };
		7D48A0041B209A400043933D /* CommanderPanel.xib */ = {isa = PBXFileReference; fileEncoding = 4; lastKnownFileType = file.xib; path = CommanderPanel.xib; sourceTree = "<group>"; };
		7D4F2E301DE1AFC1004D16DC /* Cartfile */ = {isa = PBXFileReference; fileEncoding = 4; lastKnownFileType = text; path = Cartfile; sourceTree = "<group>"; };
		7D50C4CE1B07A3B4001A7E1C /* zh-Hans */ = {isa = PBXFileReference; lastKnownFileType = text.plist.strings; name = "zh-Hans"; path = "zh-Hans.lproj/MainMenu.strings"; sourceTree = "<group>"; };
		7D5252E61BA3D66A006243F1 /* QuartzCore.framework */ = {isa = PBXFileReference; lastKnownFileType = wrapper.framework; name = QuartzCore.framework; path = System/Library/Frameworks/QuartzCore.framework; sourceTree = SDKROOT; };
		7D552D4A1B1DE5A400031203 /* TabBarModel.swift */ = {isa = PBXFileReference; fileEncoding = 4; lastKnownFileType = sourcecode.swift; path = TabBarModel.swift; sourceTree = "<group>"; };
		7D552D4E1B1DFE4100031203 /* MMTabBarView.framework */ = {isa = PBXFileReference; lastKnownFileType = wrapper.framework; path = MMTabBarView.framework; sourceTree = "<group>"; };
		7D552D511B1E09FC00031203 /* TabItemController.swift */ = {isa = PBXFileReference; fileEncoding = 4; lastKnownFileType = sourcecode.swift; path = TabItemController.swift; sourceTree = "<group>"; };
		7D552D521B1E09FC00031203 /* TabItemController.xib */ = {isa = PBXFileReference; fileEncoding = 4; lastKnownFileType = file.xib; path = TabItemController.xib; sourceTree = "<group>"; };
		7D7B0F381E639DFB0052DB63 /* String+transformToPinyin.swift */ = {isa = PBXFileReference; fileEncoding = 4; lastKnownFileType = sourcecode.swift; path = "String+transformToPinyin.swift"; sourceTree = "<group>"; };
		7D8455621BEF8B7D009999F0 /* PreferenceManager.swift */ = {isa = PBXFileReference; fileEncoding = 4; lastKnownFileType = sourcecode.swift; path = PreferenceManager.swift; sourceTree = "<group>"; };
		7D94223E1B024441008429D5 /* vCommander.app */ = {isa = PBXFileReference; explicitFileType = wrapper.application; includeInIndex = 0; path = vCommander.app; sourceTree = BUILT_PRODUCTS_DIR; };
		7D9422421B024441008429D5 /* Info.plist */ = {isa = PBXFileReference; lastKnownFileType = text.plist.xml; path = Info.plist; sourceTree = "<group>"; };
		7D9422431B024441008429D5 /* AppDelegate.swift */ = {isa = PBXFileReference; lastKnownFileType = sourcecode.swift; path = AppDelegate.swift; sourceTree = "<group>"; };
		7D9422451B024441008429D5 /* Images.xcassets */ = {isa = PBXFileReference; lastKnownFileType = folder.assetcatalog; path = Images.xcassets; sourceTree = "<group>"; };
		7D9422481B024442008429D5 /* Base */ = {isa = PBXFileReference; lastKnownFileType = file.xib; name = Base; path = Base.lproj/MainMenu.xib; sourceTree = "<group>"; };
		7D94224E1B024442008429D5 /* vCommanderTests.xctest */ = {isa = PBXFileReference; explicitFileType = wrapper.cfbundle; includeInIndex = 0; path = vCommanderTests.xctest; sourceTree = BUILT_PRODUCTS_DIR; };
		7D9422531B024442008429D5 /* Info.plist */ = {isa = PBXFileReference; lastKnownFileType = text.plist.xml; path = Info.plist; sourceTree = "<group>"; };
		7D9422541B024442008429D5 /* SimpleCommanderTests.swift */ = {isa = PBXFileReference; lastKnownFileType = sourcecode.swift; path = SimpleCommanderTests.swift; sourceTree = "<group>"; };
		7D94225E1B024480008429D5 /* MainWindowController.swift */ = {isa = PBXFileReference; fileEncoding = 4; lastKnownFileType = sourcecode.swift; path = MainWindowController.swift; sourceTree = "<group>"; };
		7D94225F1B024480008429D5 /* MainWindowController.xib */ = {isa = PBXFileReference; fileEncoding = 4; lastKnownFileType = file.xib; path = MainWindowController.xib; sourceTree = "<group>"; };
		7DA874281B22E5C10004185C /* FlippedView.swift */ = {isa = PBXFileReference; fileEncoding = 4; lastKnownFileType = sourcecode.swift; path = FlippedView.swift; sourceTree = "<group>"; };
		7DA9FA771B0644A90092C971 /* FileSystemItem.swift */ = {isa = PBXFileReference; fileEncoding = 4; lastKnownFileType = sourcecode.swift; path = FileSystemItem.swift; sourceTree = "<group>"; };
		7DC2AC4E1B48E614006BA33A /* DirectoryMonitor.swift */ = {isa = PBXFileReference; fileEncoding = 4; lastKnownFileType = sourcecode.swift; path = DirectoryMonitor.swift; sourceTree = "<group>"; };
		7DC2AC501B4935CE006BA33A /* SCTableRowView.swift */ = {isa = PBXFileReference; fileEncoding = 4; lastKnownFileType = sourcecode.swift; path = SCTableRowView.swift; sourceTree = "<group>"; };
		7DD323721B2D5247006EF722 /* SCTableView.swift */ = {isa = PBXFileReference; fileEncoding = 4; lastKnownFileType = sourcecode.swift; path = SCTableView.swift; sourceTree = "<group>"; };
		7DD4CDB91E5E5985001A6560 /* NSViewWithRectInset.swift */ = {isa = PBXFileReference; fileEncoding = 4; lastKnownFileType = sourcecode.swift; path = NSViewWithRectInset.swift; sourceTree = "<group>"; };
		7DDBFF0D1BF0E983006B906D /* SCPreferenceController.swift */ = {isa = PBXFileReference; fileEncoding = 4; lastKnownFileType = sourcecode.swift; path = SCPreferenceController.swift; sourceTree = "<group>"; };
		7DDBFF0E1BF0E983006B906D /* SCPreferenceController.xib */ = {isa = PBXFileReference; fileEncoding = 4; lastKnownFileType = file.xib; path = SCPreferenceController.xib; sourceTree = "<group>"; };
/* End PBXFileReference section */

/* Begin PBXFrameworksBuildPhase section */
		7D94223B1B024441008429D5 /* Frameworks */ = {
			isa = PBXFrameworksBuildPhase;
			buildActionMask = 2147483647;
			files = (
				7D5252E71BA3D66A006243F1 /* QuartzCore.framework in Frameworks */,
				7D552D4F1B1DFE4100031203 /* MMTabBarView.framework in Frameworks */,
			);
			runOnlyForDeploymentPostprocessing = 0;
		};
		7D94224B1B024442008429D5 /* Frameworks */ = {
			isa = PBXFrameworksBuildPhase;
			buildActionMask = 2147483647;
			files = (
			);
			runOnlyForDeploymentPostprocessing = 0;
		};
/* End PBXFrameworksBuildPhase section */

/* Begin PBXGroup section */
		7D7B0F371E639D9D0052DB63 /* Extensions */ = {
			isa = PBXGroup;
			children = (
				7D7B0F381E639DFB0052DB63 /* String+transformToPinyin.swift */,
			);
			name = Extensions;
			sourceTree = "<group>";
		};
		7D9422351B024441008429D5 = {
			isa = PBXGroup;
			children = (
				7D4F2E301DE1AFC1004D16DC /* Cartfile */,
				7D42EF5B1BBE3515003383C0 /* QuickLook.framework */,
				7D5252E61BA3D66A006243F1 /* QuartzCore.framework */,
				7D9422401B024441008429D5 /* vCommander */,
				7D9422511B024442008429D5 /* vCommanderTests */,
				7D94223F1B024441008429D5 /* Products */,
			);
			sourceTree = "<group>";
		};
		7D94223F1B024441008429D5 /* Products */ = {
			isa = PBXGroup;
			children = (
				7D94223E1B024441008429D5 /* vCommander.app */,
				7D94224E1B024442008429D5 /* vCommanderTests.xctest */,
			);
			name = Products;
			sourceTree = "<group>";
		};
		7D9422401B024441008429D5 /* vCommander */ = {
			isa = PBXGroup;
			children = (
				7D7B0F371E639D9D0052DB63 /* Extensions */,
				7D552D4E1B1DFE4100031203 /* MMTabBarView.framework */,
				7D9422431B024441008429D5 /* AppDelegate.swift */,
				7D9422451B024441008429D5 /* Images.xcassets */,
				7D9422471B024442008429D5 /* MainMenu.xib */,
				7D9422411B024441008429D5 /* Supporting Files */,
				7D94225E1B024480008429D5 /* MainWindowController.swift */,
				7D94225F1B024480008429D5 /* MainWindowController.xib */,
				7DA9FA771B0644A90092C971 /* FileSystemItem.swift */,
				7D43B06D1B1CB53900E60257 /* vCommander-Bridging-Header.h */,
				7D552D4A1B1DE5A400031203 /* TabBarModel.swift */,
				7D552D511B1E09FC00031203 /* TabItemController.swift */,
				7D552D521B1E09FC00031203 /* TabItemController.xib */,
				7D48A0031B209A400043933D /* CommanderPanel.swift */,
				7D48A0041B209A400043933D /* CommanderPanel.xib */,
				7DA874281B22E5C10004185C /* FlippedView.swift */,
				7DD323721B2D5247006EF722 /* SCTableView.swift */,
				7DC2AC4E1B48E614006BA33A /* DirectoryMonitor.swift */,
				7DC2AC501B4935CE006BA33A /* SCTableRowView.swift */,
				7D131BAC1B5B9575007BDBB6 /* VerticallyCenteredTextField.swift */,
				7D8455621BEF8B7D009999F0 /* PreferenceManager.swift */,
				7DDBFF0D1BF0E983006B906D /* SCPreferenceController.swift */,
				7DDBFF0E1BF0E983006B906D /* SCPreferenceController.xib */,
				7DD4CDB91E5E5985001A6560 /* NSViewWithRectInset.swift */,
				7D0378641E85ED0F005A1F95 /* VCTabBarView.swift */,
				7D0378661E8753A4005A1F95 /* VCLayerBackedView.swift */,
				7D0378681E87928D005A1F95 /* VCTableHeaderView.swift */,
				7D03786A1E87A279005A1F95 /* VCPathControl.swift */,
			);
			path = vCommander;
			sourceTree = "<group>";
		};
		7D9422411B024441008429D5 /* Supporting Files */ = {
			isa = PBXGroup;
			children = (
				7D9422421B024441008429D5 /* Info.plist */,
			);
			name = "Supporting Files";
			sourceTree = "<group>";
		};
		7D9422511B024442008429D5 /* vCommanderTests */ = {
			isa = PBXGroup;
			children = (
				7D9422541B024442008429D5 /* SimpleCommanderTests.swift */,
				7D9422521B024442008429D5 /* Supporting Files */,
			);
			path = vCommanderTests;
			sourceTree = "<group>";
		};
		7D9422521B024442008429D5 /* Supporting Files */ = {
			isa = PBXGroup;
			children = (
				7D9422531B024442008429D5 /* Info.plist */,
			);
			name = "Supporting Files";
			sourceTree = "<group>";
		};
/* End PBXGroup section */

/* Begin PBXNativeTarget section */
		7D94223D1B024441008429D5 /* vCommander */ = {
			isa = PBXNativeTarget;
			buildConfigurationList = 7D9422581B024442008429D5 /* Build configuration list for PBXNativeTarget "vCommander" */;
			buildPhases = (
				7D94223A1B024441008429D5 /* Sources */,
				7D94223B1B024441008429D5 /* Frameworks */,
				7D94223C1B024441008429D5 /* Resources */,
				7D80D28C1B1CAAEE00600F29 /* CopyFiles */,
			);
			buildRules = (
			);
			dependencies = (
			);
			name = vCommander;
			productName = SimpleCommander;
			productReference = 7D94223E1B024441008429D5 /* vCommander.app */;
			productType = "com.apple.product-type.application";
		};
		7D94224D1B024442008429D5 /* vCommanderTests */ = {
			isa = PBXNativeTarget;
			buildConfigurationList = 7D94225B1B024442008429D5 /* Build configuration list for PBXNativeTarget "vCommanderTests" */;
			buildPhases = (
				7D94224A1B024442008429D5 /* Sources */,
				7D94224B1B024442008429D5 /* Frameworks */,
				7D94224C1B024442008429D5 /* Resources */,
			);
			buildRules = (
			);
			dependencies = (
				7D9422501B024442008429D5 /* PBXTargetDependency */,
			);
			name = vCommanderTests;
			productName = SimpleCommanderTests;
			productReference = 7D94224E1B024442008429D5 /* vCommanderTests.xctest */;
			productType = "com.apple.product-type.bundle.unit-test";
		};
/* End PBXNativeTarget section */

/* Begin PBXProject section */
		7D9422361B024441008429D5 /* Project object */ = {
			isa = PBXProject;
			attributes = {
				LastSwiftMigration = 0700;
				LastSwiftUpdateCheck = 0700;
				LastUpgradeCheck = 0800;
				ORGANIZATIONNAME = Jamie;
				TargetAttributes = {
					7D94223D1B024441008429D5 = {
						CreatedOnToolsVersion = 6.3.1;
						LastSwiftMigration = 0800;
					};
					7D94224D1B024442008429D5 = {
						CreatedOnToolsVersion = 6.3.1;
						LastSwiftMigration = 0800;
						TestTargetID = 7D94223D1B024441008429D5;
					};
				};
			};
			buildConfigurationList = 7D9422391B024441008429D5 /* Build configuration list for PBXProject "vCommander" */;
			compatibilityVersion = "Xcode 3.2";
			developmentRegion = English;
			hasScannedForEncodings = 0;
			knownRegions = (
				en,
				Base,
			);
			mainGroup = 7D9422351B024441008429D5;
			productRefGroup = 7D94223F1B024441008429D5 /* Products */;
			projectDirPath = "";
			projectRoot = "";
			targets = (
				7D94223D1B024441008429D5 /* vCommander */,
				7D94224D1B024442008429D5 /* vCommanderTests */,
			);
		};
/* End PBXProject section */

/* Begin PBXResourcesBuildPhase section */
		7D94223C1B024441008429D5 /* Resources */ = {
			isa = PBXResourcesBuildPhase;
			buildActionMask = 2147483647;
			files = (
				7D4F2E311DE1AFC1004D16DC /* Cartfile in Resources */,
				7D552D541B1E09FC00031203 /* TabItemController.xib in Resources */,
				7D9422461B024441008429D5 /* Images.xcassets in Resources */,
				7DDBFF101BF0E983006B906D /* SCPreferenceController.xib in Resources */,
				7D9422611B024480008429D5 /* MainWindowController.xib in Resources */,
				7D48A0061B209A400043933D /* CommanderPanel.xib in Resources */,
				7D9422491B024442008429D5 /* MainMenu.xib in Resources */,
			);
			runOnlyForDeploymentPostprocessing = 0;
		};
		7D94224C1B024442008429D5 /* Resources */ = {
			isa = PBXResourcesBuildPhase;
			buildActionMask = 2147483647;
			files = (
			);
			runOnlyForDeploymentPostprocessing = 0;
		};
/* End PBXResourcesBuildPhase section */

/* Begin PBXSourcesBuildPhase section */
		7D94223A1B024441008429D5 /* Sources */ = {
			isa = PBXSourcesBuildPhase;
			buildActionMask = 2147483647;
			files = (
				7DC2AC4F1B48E614006BA33A /* DirectoryMonitor.swift in Sources */,
				7D552D531B1E09FC00031203 /* TabItemController.swift in Sources */,
				7DD323731B2D5247006EF722 /* SCTableView.swift in Sources */,
				7DDBFF0F1BF0E983006B906D /* SCPreferenceController.swift in Sources */,
				7D131BAD1B5B9575007BDBB6 /* VerticallyCenteredTextField.swift in Sources */,
				7D0378671E8753A4005A1F95 /* VCLayerBackedView.swift in Sources */,
				7D8455631BEF8B7D009999F0 /* PreferenceManager.swift in Sources */,
				7D9422601B024480008429D5 /* MainWindowController.swift in Sources */,
				7D03786B1E87A279005A1F95 /* VCPathControl.swift in Sources */,
				7D552D4B1B1DE5A400031203 /* TabBarModel.swift in Sources */,
				7D48A0051B209A400043933D /* CommanderPanel.swift in Sources */,
				7D7B0F391E639DFB0052DB63 /* String+transformToPinyin.swift in Sources */,
				7D0378691E87928D005A1F95 /* VCTableHeaderView.swift in Sources */,
				7DA874291B22E5C10004185C /* FlippedView.swift in Sources */,
				7D9422441B024441008429D5 /* AppDelegate.swift in Sources */,
				7DC2AC511B4935CE006BA33A /* SCTableRowView.swift in Sources */,
				7D0378651E85ED0F005A1F95 /* VCTabBarView.swift in Sources */,
				7DA9FA781B0644A90092C971 /* FileSystemItem.swift in Sources */,
				7DD4CDBA1E5E5985001A6560 /* NSViewWithRectInset.swift in Sources */,
			);
			runOnlyForDeploymentPostprocessing = 0;
		};
		7D94224A1B024442008429D5 /* Sources */ = {
			isa = PBXSourcesBuildPhase;
			buildActionMask = 2147483647;
			files = (
				7D9422551B024442008429D5 /* SimpleCommanderTests.swift in Sources */,
			);
			runOnlyForDeploymentPostprocessing = 0;
		};
/* End PBXSourcesBuildPhase section */

/* Begin PBXTargetDependency section */
		7D9422501B024442008429D5 /* PBXTargetDependency */ = {
			isa = PBXTargetDependency;
			target = 7D94223D1B024441008429D5 /* vCommander */;
			targetProxy = 7D94224F1B024442008429D5 /* PBXContainerItemProxy */;
		};
/* End PBXTargetDependency section */

/* Begin PBXVariantGroup section */
		7D9422471B024442008429D5 /* MainMenu.xib */ = {
			isa = PBXVariantGroup;
			children = (
				7D9422481B024442008429D5 /* Base */,
				7D50C4CE1B07A3B4001A7E1C /* zh-Hans */,
			);
			name = MainMenu.xib;
			sourceTree = "<group>";
		};
/* End PBXVariantGroup section */

/* Begin XCBuildConfiguration section */
		7D9422561B024442008429D5 /* Debug */ = {
			isa = XCBuildConfiguration;
			buildSettings = {
				ALWAYS_SEARCH_USER_PATHS = NO;
				CLANG_ANALYZER_LOCALIZABILITY_NONLOCALIZED = YES;
				CLANG_CXX_LANGUAGE_STANDARD = "gnu++0x";
				CLANG_CXX_LIBRARY = "libc++";
				CLANG_ENABLE_MODULES = YES;
				CLANG_ENABLE_OBJC_ARC = YES;
				CLANG_WARN_BOOL_CONVERSION = YES;
				CLANG_WARN_CONSTANT_CONVERSION = YES;
				CLANG_WARN_DIRECT_OBJC_ISA_USAGE = YES_ERROR;
				CLANG_WARN_EMPTY_BODY = YES;
				CLANG_WARN_ENUM_CONVERSION = YES;
				CLANG_WARN_INFINITE_RECURSION = YES;
				CLANG_WARN_INT_CONVERSION = YES;
				CLANG_WARN_OBJC_ROOT_CLASS = YES_ERROR;
				CLANG_WARN_SUSPICIOUS_MOVE = YES;
				CLANG_WARN_UNREACHABLE_CODE = YES;
				CLANG_WARN__DUPLICATE_METHOD_MATCH = YES;
				CODE_SIGN_IDENTITY = "-";
				COPY_PHASE_STRIP = NO;
				DEBUG_INFORMATION_FORMAT = dwarf;
				ENABLE_STRICT_OBJC_MSGSEND = YES;
				ENABLE_TESTABILITY = YES;
				GCC_C_LANGUAGE_STANDARD = gnu99;
				GCC_DYNAMIC_NO_PIC = NO;
				GCC_NO_COMMON_BLOCKS = YES;
				GCC_OPTIMIZATION_LEVEL = 0;
				GCC_PREPROCESSOR_DEFINITIONS = (
					"DEBUG=1",
					"$(inherited)",
				);
				GCC_SYMBOLS_PRIVATE_EXTERN = NO;
				GCC_WARN_64_TO_32_BIT_CONVERSION = YES;
				GCC_WARN_ABOUT_RETURN_TYPE = YES_ERROR;
				GCC_WARN_UNDECLARED_SELECTOR = YES;
				GCC_WARN_UNINITIALIZED_AUTOS = YES_AGGRESSIVE;
				GCC_WARN_UNUSED_FUNCTION = YES;
				GCC_WARN_UNUSED_VARIABLE = YES;
				HEADER_SEARCH_PATHS = (
					"$(inherited)",
					/Applications/Xcode.app/Contents/Developer/Toolchains/XcodeDefault.xctoolchain/usr/include,
				);
				MACOSX_DEPLOYMENT_TARGET = 10.10;
				MTL_ENABLE_DEBUG_INFO = YES;
				ONLY_ACTIVE_ARCH = YES;
				SDKROOT = macosx;
				SWIFT_OBJC_BRIDGING_HEADER = "";
				SWIFT_OPTIMIZATION_LEVEL = "-Onone";
			};
			name = Debug;
		};
		7D9422571B024442008429D5 /* Release */ = {
			isa = XCBuildConfiguration;
			buildSettings = {
				ALWAYS_SEARCH_USER_PATHS = NO;
				CLANG_ANALYZER_LOCALIZABILITY_NONLOCALIZED = YES;
				CLANG_CXX_LANGUAGE_STANDARD = "gnu++0x";
				CLANG_CXX_LIBRARY = "libc++";
				CLANG_ENABLE_MODULES = YES;
				CLANG_ENABLE_OBJC_ARC = YES;
				CLANG_WARN_BOOL_CONVERSION = YES;
				CLANG_WARN_CONSTANT_CONVERSION = YES;
				CLANG_WARN_DIRECT_OBJC_ISA_USAGE = YES_ERROR;
				CLANG_WARN_EMPTY_BODY = YES;
				CLANG_WARN_ENUM_CONVERSION = YES;
				CLANG_WARN_INFINITE_RECURSION = YES;
				CLANG_WARN_INT_CONVERSION = YES;
				CLANG_WARN_OBJC_ROOT_CLASS = YES_ERROR;
				CLANG_WARN_SUSPICIOUS_MOVE = YES;
				CLANG_WARN_UNREACHABLE_CODE = YES;
				CLANG_WARN__DUPLICATE_METHOD_MATCH = YES;
				CODE_SIGN_IDENTITY = "-";
				COPY_PHASE_STRIP = NO;
				DEBUG_INFORMATION_FORMAT = "dwarf-with-dsym";
				ENABLE_NS_ASSERTIONS = NO;
				ENABLE_STRICT_OBJC_MSGSEND = YES;
				GCC_C_LANGUAGE_STANDARD = gnu99;
				GCC_NO_COMMON_BLOCKS = YES;
				GCC_WARN_64_TO_32_BIT_CONVERSION = YES;
				GCC_WARN_ABOUT_RETURN_TYPE = YES_ERROR;
				GCC_WARN_UNDECLARED_SELECTOR = YES;
				GCC_WARN_UNINITIALIZED_AUTOS = YES_AGGRESSIVE;
				GCC_WARN_UNUSED_FUNCTION = YES;
				GCC_WARN_UNUSED_VARIABLE = YES;
				HEADER_SEARCH_PATHS = (
					"$(inherited)",
					/Applications/Xcode.app/Contents/Developer/Toolchains/XcodeDefault.xctoolchain/usr/include,
				);
				MACOSX_DEPLOYMENT_TARGET = 10.10;
				MTL_ENABLE_DEBUG_INFO = NO;
				SDKROOT = macosx;
				SWIFT_OBJC_BRIDGING_HEADER = "";
				SWIFT_OPTIMIZATION_LEVEL = "-Owholemodule";
			};
			name = Release;
		};
		7D9422591B024442008429D5 /* Debug */ = {
			isa = XCBuildConfiguration;
			buildSettings = {
				ASSETCATALOG_COMPILER_APPICON_NAME = AppIcon;
				CLANG_ENABLE_MODULES = YES;
				COMBINE_HIDPI_IMAGES = YES;
				FRAMEWORK_SEARCH_PATHS = (
					"$(inherited)",
					"$(PROJECT_DIR)/vCommander",
					"$(SRCROOT)/Carthage/Build/Mac",
				);
				HEADER_SEARCH_PATHS = (
					"$(inherited)",
					/Applications/Xcode.app/Contents/Developer/Toolchains/XcodeDefault.xctoolchain/usr/include,
				);
				INFOPLIST_FILE = vCommander/Info.plist;
				LD_RUNPATH_SEARCH_PATHS = "$(inherited) @executable_path/../Frameworks";
				PRODUCT_BUNDLE_IDENTIFIER = "me.jamiexie.$(PRODUCT_NAME:rfc1034identifier)";
				PRODUCT_NAME = "$(TARGET_NAME)";
				SWIFT_OBJC_BRIDGING_HEADER = "vCommander/vCommander-Bridging-Header.h";
				SWIFT_OPTIMIZATION_LEVEL = "-Onone";
				SWIFT_VERSION = 3.0;
			};
			name = Debug;
		};
		7D94225A1B024442008429D5 /* Release */ = {
			isa = XCBuildConfiguration;
			buildSettings = {
				ASSETCATALOG_COMPILER_APPICON_NAME = AppIcon;
				CLANG_ENABLE_MODULES = YES;
				COMBINE_HIDPI_IMAGES = YES;
				FRAMEWORK_SEARCH_PATHS = (
					"$(inherited)",
					"$(PROJECT_DIR)/vCommander",
					"$(SRCROOT)/Carthage/Build/Mac",
				);
				HEADER_SEARCH_PATHS = (
					"$(inherited)",
					/Applications/Xcode.app/Contents/Developer/Toolchains/XcodeDefault.xctoolchain/usr/include,
				);
				INFOPLIST_FILE = vCommander/Info.plist;
				LD_RUNPATH_SEARCH_PATHS = "$(inherited) @executable_path/../Frameworks";
				PRODUCT_BUNDLE_IDENTIFIER = "me.jamiexie.$(PRODUCT_NAME:rfc1034identifier)";
				PRODUCT_NAME = "$(TARGET_NAME)";
				SWIFT_OBJC_BRIDGING_HEADER = "vCommander/vCommander-Bridging-Header.h";
				SWIFT_VERSION = 3.0;
			};
			name = Release;
		};
		7D94225C1B024442008429D5 /* Debug */ = {
			isa = XCBuildConfiguration;
			buildSettings = {
				BUNDLE_LOADER = "$(TEST_HOST)";
				COMBINE_HIDPI_IMAGES = YES;
				FRAMEWORK_SEARCH_PATHS = (
					"$(DEVELOPER_FRAMEWORKS_DIR)",
					"$(inherited)",
				);
				GCC_PREPROCESSOR_DEFINITIONS = (
					"DEBUG=1",
					"$(inherited)",
				);
				INFOPLIST_FILE = vCommanderTests/Info.plist;
				LD_RUNPATH_SEARCH_PATHS = "$(inherited) @executable_path/../Frameworks @loader_path/../Frameworks";
				PRODUCT_BUNDLE_IDENTIFIER = "me.jamiexie.$(PRODUCT_NAME:rfc1034identifier)";
				PRODUCT_NAME = "$(TARGET_NAME)";
				SWIFT_VERSION = 3.0;
				TEST_HOST = "$(BUILT_PRODUCTS_DIR)/vCommander.app/Contents/MacOS/vCommander";
			};
			name = Debug;
		};
		7D94225D1B024442008429D5 /* Release */ = {
			isa = XCBuildConfiguration;
			buildSettings = {
				BUNDLE_LOADER = "$(TEST_HOST)";
				COMBINE_HIDPI_IMAGES = YES;
				FRAMEWORK_SEARCH_PATHS = (
					"$(DEVELOPER_FRAMEWORKS_DIR)",
					"$(inherited)",
				);
				INFOPLIST_FILE = vCommanderTests/Info.plist;
				LD_RUNPATH_SEARCH_PATHS = "$(inherited) @executable_path/../Frameworks @loader_path/../Frameworks";
				PRODUCT_BUNDLE_IDENTIFIER = "me.jamiexie.$(PRODUCT_NAME:rfc1034identifier)";
				PRODUCT_NAME = "$(TARGET_NAME)";
				SWIFT_VERSION = 3.0;
				TEST_HOST = "$(BUILT_PRODUCTS_DIR)/vCommander.app/Contents/MacOS/vCommander";
			};
			name = Release;
		};
/* End XCBuildConfiguration section */

/* Begin XCConfigurationList section */
		7D9422391B024441008429D5 /* Build configuration list for PBXProject "vCommander" */ = {
			isa = XCConfigurationList;
			buildConfigurations = (
				7D9422561B024442008429D5 /* Debug */,
				7D9422571B024442008429D5 /* Release */,
			);
			defaultConfigurationIsVisible = 0;
			defaultConfigurationName = Release;
		};
		7D9422581B024442008429D5 /* Build configuration list for PBXNativeTarget "vCommander" */ = {
			isa = XCConfigurationList;
			buildConfigurations = (
				7D9422591B024442008429D5 /* Debug */,
				7D94225A1B024442008429D5 /* Release */,
			);
			defaultConfigurationIsVisible = 0;
			defaultConfigurationName = Release;
		};
		7D94225B1B024442008429D5 /* Build configuration list for PBXNativeTarget "vCommanderTests" */ = {
			isa = XCConfigurationList;
			buildConfigurations = (
				7D94225C1B024442008429D5 /* Debug */,
				7D94225D1B024442008429D5 /* Release */,
			);
			defaultConfigurationIsVisible = 0;
			defaultConfigurationName = Release;
		};
/* End XCConfigurationList section */
	};
	rootObject = 7D9422361B024441008429D5 /* Project object */;
}
